
Microsoft Visual Studio Solution File, Format Version 12.00
# Visual Studio Version 17
VisualStudioVersion = 17.11.35327.3
MinimumVisualStudioVersion = 10.0.40219.1
Project("{54A90642-561A-4BB1-A94E-469ADEE60C69}") = "RIVS-Inform", "RIVS-Inform\RIVS-Inform.esproj", "{FA03C321-8896-4194-BF2A-3BBB9AB9B018}"
EndProject
Global
	GlobalSection(SolutionConfigurationPlatforms) = preSolution
		Debug|Any CPU = Debug|Any CPU
		Release|Any CPU = Release|Any CPU
	EndGlobalSection
	GlobalSection(ProjectConfigurationPlatforms) = postSolution
		{FA03C321-8896-4194-BF2A-3BBB9AB9B018}.Debug|Any CPU.ActiveCfg = Debug|Any CPU
		{FA03C321-8896-4194-BF2A-3BBB9AB9B018}.Debug|Any CPU.Build.0 = Debug|Any CPU
		{FA03C321-8896-4194-BF2A-3BBB9AB9B018}.Debug|Any CPU.Deploy.0 = Debug|Any CPU
		{FA03C321-8896-4194-BF2A-3BBB9AB9B018}.Release|Any CPU.ActiveCfg = Release|Any CPU
		{FA03C321-8896-4194-BF2A-3BBB9AB9B018}.Release|Any CPU.Build.0 = Release|Any CPU
		{FA03C321-8896-4194-BF2A-3BBB9AB9B018}.Release|Any CPU.Deploy.0 = Release|Any CPU
	EndGlobalSection
	GlobalSection(SolutionProperties) = preSolution
		HideSolutionNode = FALSE
	EndGlobalSection
	GlobalSection(ExtensibilityGlobals) = postSolution
		SolutionGuid = {A9D88C9A-2FD6-452C-9550-C9CAC4CAC8C5}
	EndGlobalSection
EndGlobal
